// !$*UTF8*$!
{
	archiveVersion = 1;
	classes = {
	};
	objectVersion = 56;
	objects = {

/* Begin PBXBuildFile section */
		F19E44D929A014E1007C2107 /* Pocket_TrainerApp.swift in Sources */ = {isa = PBXBuildFile; fileRef = F19E44D829A014E1007C2107 /* Pocket_TrainerApp.swift */; };
		F19E44DD29A014E3007C2107 /* Assets.xcassets in Resources */ = {isa = PBXBuildFile; fileRef = F19E44DC29A014E3007C2107 /* Assets.xcassets */; };
		F19E44E029A014E3007C2107 /* Preview Assets.xcassets in Resources */ = {isa = PBXBuildFile; fileRef = F19E44DF29A014E3007C2107 /* Preview Assets.xcassets */; };
		F1A06B9829B7F8B700F7B388 /* SleepView.swift in Sources */ = {isa = PBXBuildFile; fileRef = F1A06B9729B7F8B700F7B388 /* SleepView.swift */; };
		F1A06B9D29B93B0500F7B388 /* DIMITRI_.TTF in Resources */ = {isa = PBXBuildFile; fileRef = F1A06B9C29B93ADE00F7B388 /* DIMITRI_.TTF */; };
		F1A2BE7D29A5C3BD003F88AC /* TrainerView.swift in Sources */ = {isa = PBXBuildFile; fileRef = F1A2BE7C29A5C3BD003F88AC /* TrainerView.swift */; };
/* End PBXBuildFile section */

/* Begin PBXFileReference section */
		F19E44D529A014E1007C2107 /* Pocket Trainer.app */ = {isa = PBXFileReference; explicitFileType = wrapper.application; includeInIndex = 0; path = "Pocket Trainer.app"; sourceTree = BUILT_PRODUCTS_DIR; };
		F19E44D829A014E1007C2107 /* Pocket_TrainerApp.swift */ = {isa = PBXFileReference; lastKnownFileType = sourcecode.swift; path = Pocket_TrainerApp.swift; sourceTree = "<group>"; };
		F19E44DC29A014E3007C2107 /* Assets.xcassets */ = {isa = PBXFileReference; lastKnownFileType = folder.assetcatalog; path = Assets.xcassets; sourceTree = "<group>"; };
		F19E44DF29A014E3007C2107 /* Preview Assets.xcassets */ = {isa = PBXFileReference; lastKnownFileType = folder.assetcatalog; path = "Preview Assets.xcassets"; sourceTree = "<group>"; };
		F1A06B9729B7F8B700F7B388 /* SleepView.swift */ = {isa = PBXFileReference; lastKnownFileType = sourcecode.swift; path = SleepView.swift; sourceTree = "<group>"; };
		F1A06B9C29B93ADE00F7B388 /* DIMITRI_.TTF */ = {isa = PBXFileReference; lastKnownFileType = file; path = DIMITRI_.TTF; sourceTree = "<group>"; };
		F1A06B9E29B93B2300F7B388 /* Pocket-Trainer-Info.plist */ = {isa = PBXFileReference; lastKnownFileType = text.plist; path = "Pocket-Trainer-Info.plist"; sourceTree = SOURCE_ROOT; };
		F1A2BE7C29A5C3BD003F88AC /* TrainerView.swift */ = {isa = PBXFileReference; lastKnownFileType = sourcecode.swift; path = TrainerView.swift; sourceTree = "<group>"; };
/* End PBXFileReference section */

/* Begin PBXFrameworksBuildPhase section */
		F19E44D229A014E1007C2107 /* Frameworks */ = {
			isa = PBXFrameworksBuildPhase;
			buildActionMask = 2147483647;
			files = (
			);
			runOnlyForDeploymentPostprocessing = 0;
		};
/* End PBXFrameworksBuildPhase section */

/* Begin PBXGroup section */
		F19E44CC29A014E1007C2107 = {
			isa = PBXGroup;
			children = (
				F19E44D729A014E1007C2107 /* Pocket Trainer */,
				F19E44D629A014E1007C2107 /* Products */,
			);
			sourceTree = "<group>";
		};
		F19E44D629A014E1007C2107 /* Products */ = {
			isa = PBXGroup;
			children = (
				F19E44D529A014E1007C2107 /* Pocket Trainer.app */,
			);
			name = Products;
			sourceTree = "<group>";
		};
		F19E44D729A014E1007C2107 /* Pocket Trainer */ = {
			isa = PBXGroup;
			children = (
				F1A06B9E29B93B2300F7B388 /* Pocket-Trainer-Info.plist */,
				F1A06B9B29B93ACB00F7B388 /* Fonts */,
				F19E44D829A014E1007C2107 /* Pocket_TrainerApp.swift */,
				F19E44EC29A01668007C2107 /* Views */,
				F19E44DC29A014E3007C2107 /* Assets.xcassets */,
				F19E44DE29A014E3007C2107 /* Preview Content */,
			);
			path = "Pocket Trainer";
			sourceTree = "<group>";
		};
		F19E44DE29A014E3007C2107 /* Preview Content */ = {
			isa = PBXGroup;
			children = (
				F19E44DF29A014E3007C2107 /* Preview Assets.xcassets */,
			);
			path = "Preview Content";
			sourceTree = "<group>";
		};
		F19E44EC29A01668007C2107 /* Views */ = {
			isa = PBXGroup;
			children = (
				F1A2BE7C29A5C3BD003F88AC /* TrainerView.swift */,
				F1A06B9729B7F8B700F7B388 /* SleepView.swift */,
			);
			path = Views;
			sourceTree = "<group>";
		};
		F1A06B9B29B93ACB00F7B388 /* Fonts */ = {
			isa = PBXGroup;
			children = (
				F1A06B9C29B93ADE00F7B388 /* DIMITRI_.TTF */,
			);
			path = Fonts;
			sourceTree = "<group>";
		};
/* End PBXGroup section */

/* Begin PBXNativeTarget section */
		F19E44D429A014E1007C2107 /* Pocket Trainer */ = {
			isa = PBXNativeTarget;
			buildConfigurationList = F19E44E329A014E3007C2107 /* Build configuration list for PBXNativeTarget "Pocket Trainer" */;
			buildPhases = (
				F19E44D129A014E1007C2107 /* Sources */,
				F19E44D229A014E1007C2107 /* Frameworks */,
				F19E44D329A014E1007C2107 /* Resources */,
			);
			buildRules = (
			);
			dependencies = (
			);
			name = "Pocket Trainer";
			productName = "Pocket Trainer";
			productReference = F19E44D529A014E1007C2107 /* Pocket Trainer.app */;
			productType = "com.apple.product-type.application";
		};
/* End PBXNativeTarget section */

/* Begin PBXProject section */
		F19E44CD29A014E1007C2107 /* Project object */ = {
			isa = PBXProject;
			attributes = {
				BuildIndependentTargetsInParallel = 1;
				LastSwiftUpdateCheck = 1420;
				LastUpgradeCheck = 1420;
				TargetAttributes = {
					F19E44D429A014E1007C2107 = {
						CreatedOnToolsVersion = 14.2;
					};
				};
			};
			buildConfigurationList = F19E44D029A014E1007C2107 /* Build configuration list for PBXProject "Pocket Trainer" */;
			compatibilityVersion = "Xcode 14.0";
			developmentRegion = en;
			hasScannedForEncodings = 0;
			knownRegions = (
				en,
				Base,
			);
			mainGroup = F19E44CC29A014E1007C2107;
			productRefGroup = F19E44D629A014E1007C2107 /* Products */;
			projectDirPath = "";
			projectRoot = "";
			targets = (
				F19E44D429A014E1007C2107 /* Pocket Trainer */,
			);
		};
/* End PBXProject section */

/* Begin PBXResourcesBuildPhase section */
		F19E44D329A014E1007C2107 /* Resources */ = {
			isa = PBXResourcesBuildPhase;
			buildActionMask = 2147483647;
			files = (
				F19E44E029A014E3007C2107 /* Preview Assets.xcassets in Resources */,
				F19E44DD29A014E3007C2107 /* Assets.xcassets in Resources */,
				F1A06B9D29B93B0500F7B388 /* DIMITRI_.TTF in Resources */,
			);
			runOnlyForDeploymentPostprocessing = 0;
		};
/* End PBXResourcesBuildPhase section */

/* Begin PBXSourcesBuildPhase section */
		F19E44D129A014E1007C2107 /* Sources */ = {
			isa = PBXSourcesBuildPhase;
			buildActionMask = 2147483647;
			files = (
				F19E44D929A014E1007C2107 /* Pocket_TrainerApp.swift in Sources */,
				F1A06B9829B7F8B700F7B388 /* SleepView.swift in Sources */,
				F1A2BE7D29A5C3BD003F88AC /* TrainerView.swift in Sources */,
			);
			runOnlyForDeploymentPostprocessing = 0;
		};
/* End PBXSourcesBuildPhase section */

/* Begin XCBuildConfiguration section */
		F19E44E129A014E3007C2107 /* Debug */ = {
			isa = XCBuildConfiguration;
			buildSettings = {
				ALWAYS_SEARCH_USER_PATHS = NO;
				CLANG_ANALYZER_NONNULL = YES;
				CLANG_ANALYZER_NUMBER_OBJECT_CONVERSION = YES_AGGRESSIVE;
				CLANG_CXX_LANGUAGE_STANDARD = "gnu++20";
				CLANG_ENABLE_MODULES = YES;
				CLANG_ENABLE_OBJC_ARC = YES;
				CLANG_ENABLE_OBJC_WEAK = YES;
				CLANG_WARN_BLOCK_CAPTURE_AUTORELEASING = YES;
				CLANG_WARN_BOOL_CONVERSION = YES;
				CLANG_WARN_COMMA = YES;
				CLANG_WARN_CONSTANT_CONVERSION = YES;
				CLANG_WARN_DEPRECATED_OBJC_IMPLEMENTATIONS = YES;
				CLANG_WARN_DIRECT_OBJC_ISA_USAGE = YES_ERROR;
				CLANG_WARN_DOCUMENTATION_COMMENTS = YES;
				CLANG_WARN_EMPTY_BODY = YES;
				CLANG_WARN_ENUM_CONVERSION = YES;
				CLANG_WARN_INFINITE_RECURSION = YES;
				CLANG_WARN_INT_CONVERSION = YES;
				CLANG_WARN_NON_LITERAL_NULL_CONVERSION = YES;
				CLANG_WARN_OBJC_IMPLICIT_RETAIN_SELF = YES;
				CLANG_WARN_OBJC_LITERAL_CONVERSION = YES;
				CLANG_WARN_OBJC_ROOT_CLASS = YES_ERROR;
				CLANG_WARN_QUOTED_INCLUDE_IN_FRAMEWORK_HEADER = YES;
				CLANG_WARN_RANGE_LOOP_ANALYSIS = YES;
				CLANG_WARN_STRICT_PROTOTYPES = YES;
				CLANG_WARN_SUSPICIOUS_MOVE = YES;
				CLANG_WARN_UNGUARDED_AVAILABILITY = YES_AGGRESSIVE;
				CLANG_WARN_UNREACHABLE_CODE = YES;
				CLANG_WARN__DUPLICATE_METHOD_MATCH = YES;
				COPY_PHASE_STRIP = NO;
				DEBUG_INFORMATION_FORMAT = dwarf;
				ENABLE_STRICT_OBJC_MSGSEND = YES;
				ENABLE_TESTABILITY = YES;
				GCC_C_LANGUAGE_STANDARD = gnu11;
				GCC_DYNAMIC_NO_PIC = NO;
				GCC_NO_COMMON_BLOCKS = YES;
				GCC_OPTIMIZATION_LEVEL = 0;
				GCC_PREPROCESSOR_DEFINITIONS = (
					"DEBUG=1",
					"$(inherited)",
				);
				GCC_WARN_64_TO_32_BIT_CONVERSION = YES;
				GCC_WARN_ABOUT_RETURN_TYPE = YES_ERROR;
				GCC_WARN_UNDECLARED_SELECTOR = YES;
				GCC_WARN_UNINITIALIZED_AUTOS = YES_AGGRESSIVE;
				GCC_WARN_UNUSED_FUNCTION = YES;
				GCC_WARN_UNUSED_VARIABLE = YES;
				IPHONEOS_DEPLOYMENT_TARGET = 16.2;
				MTL_ENABLE_DEBUG_INFO = INCLUDE_SOURCE;
				MTL_FAST_MATH = YES;
				ONLY_ACTIVE_ARCH = YES;
				SDKROOT = iphoneos;
				SWIFT_ACTIVE_COMPILATION_CONDITIONS = DEBUG;
				SWIFT_OPTIMIZATION_LEVEL = "-Onone";
			};
			name = Debug;
		};
		F19E44E229A014E3007C2107 /* Release */ = {
			isa = XCBuildConfiguration;
			buildSettings = {
				ALWAYS_SEARCH_USER_PATHS = NO;
				CLANG_ANALYZER_NONNULL = YES;
				CLANG_ANALYZER_NUMBER_OBJECT_CONVERSION = YES_AGGRESSIVE;
				CLANG_CXX_LANGUAGE_STANDARD = "gnu++20";
				CLANG_ENABLE_MODULES = YES;
				CLANG_ENABLE_OBJC_ARC = YES;
				CLANG_ENABLE_OBJC_WEAK = YES;
				CLANG_WARN_BLOCK_CAPTURE_AUTORELEASING = YES;
				CLANG_WARN_BOOL_CONVERSION = YES;
				CLANG_WARN_COMMA = YES;
				CLANG_WARN_CONSTANT_CONVERSION = YES;
				CLANG_WARN_DEPRECATED_OBJC_IMPLEMENTATIONS = YES;
				CLANG_WARN_DIRECT_OBJC_ISA_USAGE = YES_ERROR;
				CLANG_WARN_DOCUMENTATION_COMMENTS = YES;
				CLANG_WARN_EMPTY_BODY = YES;
				CLANG_WARN_ENUM_CONVERSION = YES;
				CLANG_WARN_INFINITE_RECURSION = YES;
				CLANG_WARN_INT_CONVERSION = YES;
				CLANG_WARN_NON_LITERAL_NULL_CONVERSION = YES;
				CLANG_WARN_OBJC_IMPLICIT_RETAIN_SELF = YES;
				CLANG_WARN_OBJC_LITERAL_CONVERSION = YES;
				CLANG_WARN_OBJC_ROOT_CLASS = YES_ERROR;
				CLANG_WARN_QUOTED_INCLUDE_IN_FRAMEWORK_HEADER = YES;
				CLANG_WARN_RANGE_LOOP_ANALYSIS = YES;
				CLANG_WARN_STRICT_PROTOTYPES = YES;
				CLANG_WARN_SUSPICIOUS_MOVE = YES;
				CLANG_WARN_UNGUARDED_AVAILABILITY = YES_AGGRESSIVE;
				CLANG_WARN_UNREACHABLE_CODE = YES;
				CLANG_WARN__DUPLICATE_METHOD_MATCH = YES;
				COPY_PHASE_STRIP = NO;
				DEBUG_INFORMATION_FORMAT = "dwarf-with-dsym";
				ENABLE_NS_ASSERTIONS = NO;
				ENABLE_STRICT_OBJC_MSGSEND = YES;
				GCC_C_LANGUAGE_STANDARD = gnu11;
				GCC_NO_COMMON_BLOCKS = YES;
				GCC_WARN_64_TO_32_BIT_CONVERSION = YES;
				GCC_WARN_ABOUT_RETURN_TYPE = YES_ERROR;
				GCC_WARN_UNDECLARED_SELECTOR = YES;
				GCC_WARN_UNINITIALIZED_AUTOS = YES_AGGRESSIVE;
				GCC_WARN_UNUSED_FUNCTION = YES;
				GCC_WARN_UNUSED_VARIABLE = YES;
				IPHONEOS_DEPLOYMENT_TARGET = 16.2;
				MTL_ENABLE_DEBUG_INFO = NO;
				MTL_FAST_MATH = YES;
				SDKROOT = iphoneos;
				SWIFT_COMPILATION_MODE = wholemodule;
				SWIFT_OPTIMIZATION_LEVEL = "-O";
				VALIDATE_PRODUCT = YES;
			};
			name = Release;
		};
		F19E44E429A014E3007C2107 /* Debug */ = {
			isa = XCBuildConfiguration;
			buildSettings = {
				ASSETCATALOG_COMPILER_APPICON_NAME = AppIcon;
				ASSETCATALOG_COMPILER_GLOBAL_ACCENT_COLOR_NAME = AccentColor;
				CODE_SIGN_STYLE = Automatic;
				CURRENT_PROJECT_VERSION = 1;
				DEVELOPMENT_ASSET_PATHS = "\"Pocket Trainer/Preview Content\"";
				DEVELOPMENT_TEAM = F5ML93346T;
				ENABLE_PREVIEWS = YES;
				GENERATE_INFOPLIST_FILE = YES;
				INFOPLIST_FILE = "Pocket-Trainer-Info.plist";
				INFOPLIST_KEY_UIApplicationSceneManifest_Generation = YES;
				INFOPLIST_KEY_UIApplicationSupportsIndirectInputEvents = YES;
				INFOPLIST_KEY_UILaunchScreen_Generation = YES;
				INFOPLIST_KEY_UISupportedInterfaceOrientations_iPad = "UIInterfaceOrientationPortrait UIInterfaceOrientationPortraitUpsideDown UIInterfaceOrientationLandscapeLeft UIInterfaceOrientationLandscapeRight";
				INFOPLIST_KEY_UISupportedInterfaceOrientations_iPhone = "UIInterfaceOrientationPortrait UIInterfaceOrientationLandscapeLeft UIInterfaceOrientationLandscapeRight";
				LD_RUNPATH_SEARCH_PATHS = (
					"$(inherited)",
					"@executable_path/Frameworks",
				);
				MARKETING_VERSION = 1.0;
				PRODUCT_BUNDLE_IDENTIFIER = "com.fuego.Pocket-Trainer";
				PRODUCT_NAME = "$(TARGET_NAME)";
				SWIFT_EMIT_LOC_STRINGS = YES;
				SWIFT_VERSION = 5.0;
				TARGETED_DEVICE_FAMILY = "1,2";
			};
			name = Debug;
		};
		F19E44E529A014E3007C2107 /* Release */ = {
			isa = XCBuildConfiguration;
			buildSettings = {
				ASSETCATALOG_COMPILER_APPICON_NAME = AppIcon;
				ASSETCATALOG_COMPILER_GLOBAL_ACCENT_COLOR_NAME = AccentColor;
				CODE_SIGN_STYLE = Automatic;
				CURRENT_PROJECT_VERSION = 1;
				DEVELOPMENT_ASSET_PATHS = "\"Pocket Trainer/Preview Content\"";
				DEVELOPMENT_TEAM = F5ML93346T;
				ENABLE_PREVIEWS = YES;
				GENERATE_INFOPLIST_FILE = YES;
				INFOPLIST_FILE = "Pocket-Trainer-Info.plist";
				INFOPLIST_KEY_UIApplicationSceneManifest_Generation = YES;
				INFOPLIST_KEY_UIApplicationSupportsIndirectInputEvents = YES;
				INFOPLIST_KEY_UILaunchScreen_Generation = YES;
				INFOPLIST_KEY_UISupportedInterfaceOrientations_iPad = "UIInterfaceOrientationPortrait UIInterfaceOrientationPortraitUpsideDown UIInterfaceOrientationLandscapeLeft UIInterfaceOrientationLandscapeRight";
				INFOPLIST_KEY_UISupportedInterfaceOrientations_iPhone = "UIInterfaceOrientationPortrait UIInterfaceOrientationLandscapeLeft UIInterfaceOrientationLandscapeRight";
				LD_RUNPATH_SEARCH_PATHS = (
					"$(inherited)",
					"@executable_path/Frameworks",
				);
				MARKETING_VERSION = 1.0;
				PRODUCT_BUNDLE_IDENTIFIER = "com.fuego.Pocket-Trainer";
				PRODUCT_NAME = "$(TARGET_NAME)";
				SWIFT_EMIT_LOC_STRINGS = YES;
				SWIFT_VERSION = 5.0;
				TARGETED_DEVICE_FAMILY = "1,2";
			};
			name = Release;
		};
/* End XCBuildConfiguration section */

/* Begin XCConfigurationList section */
		F19E44D029A014E1007C2107 /* Build configuration list for PBXProject "Pocket Trainer" */ = {
			isa = XCConfigurationList;
			buildConfigurations = (
				F19E44E129A014E3007C2107 /* Debug */,
				F19E44E229A014E3007C2107 /* Release */,
			);
			defaultConfigurationIsVisible = 0;
			defaultConfigurationName = Release;
		};
		F19E44E329A014E3007C2107 /* Build configuration list for PBXNativeTarget "Pocket Trainer" */ = {
			isa = XCConfigurationList;
			buildConfigurations = (
				F19E44E429A014E3007C2107 /* Debug */,
				F19E44E529A014E3007C2107 /* Release */,
			);
			defaultConfigurationIsVisible = 0;
			defaultConfigurationName = Release;
		};
/* End XCConfigurationList section */
	};
	rootObject = F19E44CD29A014E1007C2107 /* Project object */;
}
